// !$*UTF8*$!
{
	archiveVersion = 1;
	classes = {
	};
	objectVersion = 50;
	objects = {

/* Begin PBXBuildFile section */
		F2157C5C2417D53C0033564D /* ToDoViewController.swift in Sources */ = {isa = PBXBuildFile; fileRef = F2157C5B2417D53C0033564D /* ToDoViewController.swift */; };
		F2157C5E2417D5460033564D /* InProgressViewController.swift in Sources */ = {isa = PBXBuildFile; fileRef = F2157C5D2417D5460033564D /* InProgressViewController.swift */; };
		F2157C602417D5540033564D /* DoneViewController.swift in Sources */ = {isa = PBXBuildFile; fileRef = F2157C5F2417D5540033564D /* DoneViewController.swift */; };
		F2ABA5752416D8AD00643C6F /* AppDelegate.swift in Sources */ = {isa = PBXBuildFile; fileRef = F2ABA5742416D8AD00643C6F /* AppDelegate.swift */; };
		F2ABA5772416D8AD00643C6F /* SceneDelegate.swift in Sources */ = {isa = PBXBuildFile; fileRef = F2ABA5762416D8AD00643C6F /* SceneDelegate.swift */; };
		F2ABA5792416D8AD00643C6F /* ViewController.swift in Sources */ = {isa = PBXBuildFile; fileRef = F2ABA5782416D8AD00643C6F /* ViewController.swift */; };
		F2ABA57C2416D8AD00643C6F /* Main.storyboard in Resources */ = {isa = PBXBuildFile; fileRef = F2ABA57A2416D8AD00643C6F /* Main.storyboard */; };
		F2ABA57F2416D8AD00643C6F /* PhDownloader.xcdatamodeld in Sources */ = {isa = PBXBuildFile; fileRef = F2ABA57D2416D8AD00643C6F /* PhDownloader.xcdatamodeld */; };
		F2ABA5812416D8AF00643C6F /* Assets.xcassets in Resources */ = {isa = PBXBuildFile; fileRef = F2ABA5802416D8AF00643C6F /* Assets.xcassets */; };
		F2ABA5842416D8AF00643C6F /* LaunchScreen.storyboard in Resources */ = {isa = PBXBuildFile; fileRef = F2ABA5822416D8AF00643C6F /* LaunchScreen.storyboard */; };
/* End PBXBuildFile section */

/* Begin PBXFileReference section */
		F2157C5B2417D53C0033564D /* ToDoViewController.swift */ = {isa = PBXFileReference; lastKnownFileType = sourcecode.swift; path = ToDoViewController.swift; sourceTree = "<group>"; };
		F2157C5D2417D5460033564D /* InProgressViewController.swift */ = {isa = PBXFileReference; lastKnownFileType = sourcecode.swift; path = InProgressViewController.swift; sourceTree = "<group>"; };
		F2157C5F2417D5540033564D /* DoneViewController.swift */ = {isa = PBXFileReference; lastKnownFileType = sourcecode.swift; path = DoneViewController.swift; sourceTree = "<group>"; };
		F2ABA5712416D8AD00643C6F /* PhDownloader.app */ = {isa = PBXFileReference; explicitFileType = wrapper.application; includeInIndex = 0; path = PhDownloader.app; sourceTree = BUILT_PRODUCTS_DIR; };
		F2ABA5742416D8AD00643C6F /* AppDelegate.swift */ = {isa = PBXFileReference; lastKnownFileType = sourcecode.swift; path = AppDelegate.swift; sourceTree = "<group>"; };
		F2ABA5762416D8AD00643C6F /* SceneDelegate.swift */ = {isa = PBXFileReference; lastKnownFileType = sourcecode.swift; path = SceneDelegate.swift; sourceTree = "<group>"; };
		F2ABA5782416D8AD00643C6F /* ViewController.swift */ = {isa = PBXFileReference; lastKnownFileType = sourcecode.swift; path = ViewController.swift; sourceTree = "<group>"; };
		F2ABA57B2416D8AD00643C6F /* Base */ = {isa = PBXFileReference; lastKnownFileType = file.storyboard; name = Base; path = Base.lproj/Main.storyboard; sourceTree = "<group>"; };
		F2ABA57E2416D8AD00643C6F /* PhDownloader.xcdatamodel */ = {isa = PBXFileReference; lastKnownFileType = wrapper.xcdatamodel; path = PhDownloader.xcdatamodel; sourceTree = "<group>"; };
		F2ABA5802416D8AF00643C6F /* Assets.xcassets */ = {isa = PBXFileReference; lastKnownFileType = folder.assetcatalog; path = Assets.xcassets; sourceTree = "<group>"; };
		F2ABA5832416D8AF00643C6F /* Base */ = {isa = PBXFileReference; lastKnownFileType = file.storyboard; name = Base; path = Base.lproj/LaunchScreen.storyboard; sourceTree = "<group>"; };
		F2ABA5852416D8AF00643C6F /* Info.plist */ = {isa = PBXFileReference; lastKnownFileType = text.plist.xml; path = Info.plist; sourceTree = "<group>"; };
/* End PBXFileReference section */

/* Begin PBXFrameworksBuildPhase section */
		F2ABA56E2416D8AD00643C6F /* Frameworks */ = {
			isa = PBXFrameworksBuildPhase;
			buildActionMask = 2147483647;
			files = (
			);
			runOnlyForDeploymentPostprocessing = 0;
		};
/* End PBXFrameworksBuildPhase section */

/* Begin PBXGroup section */
		F2ABA5682416D8AD00643C6F = {
			isa = PBXGroup;
			children = (
				F2ABA5732416D8AD00643C6F /* PhDownloader */,
				F2ABA5722416D8AD00643C6F /* Products */,
			);
			sourceTree = "<group>";
		};
		F2ABA5722416D8AD00643C6F /* Products */ = {
			isa = PBXGroup;
			children = (
				F2ABA5712416D8AD00643C6F /* PhDownloader.app */,
			);
			name = Products;
			sourceTree = "<group>";
		};
		F2ABA5732416D8AD00643C6F /* PhDownloader */ = {
			isa = PBXGroup;
			children = (
				F2ABA5742416D8AD00643C6F /* AppDelegate.swift */,
				F2ABA5762416D8AD00643C6F /* SceneDelegate.swift */,
				F2ABA5782416D8AD00643C6F /* ViewController.swift */,
				F2ABA57A2416D8AD00643C6F /* Main.storyboard */,
				F2ABA5802416D8AF00643C6F /* Assets.xcassets */,
				F2ABA5822416D8AF00643C6F /* LaunchScreen.storyboard */,
				F2ABA5852416D8AF00643C6F /* Info.plist */,
				F2ABA57D2416D8AD00643C6F /* PhDownloader.xcdatamodeld */,
				F2157C5B2417D53C0033564D /* ToDoViewController.swift */,
				F2157C5D2417D5460033564D /* InProgressViewController.swift */,
				F2157C5F2417D5540033564D /* DoneViewController.swift */,
			);
			path = PhDownloader;
			sourceTree = "<group>";
		};
/* End PBXGroup section */

/* Begin PBXNativeTarget section */
		F2ABA5702416D8AD00643C6F /* PhDownloader */ = {
			isa = PBXNativeTarget;
			buildConfigurationList = F2ABA5882416D8AF00643C6F /* Build configuration list for PBXNativeTarget "PhDownloader" */;
			buildPhases = (
				F2ABA56D2416D8AD00643C6F /* Sources */,
				F2ABA56E2416D8AD00643C6F /* Frameworks */,
				F2ABA56F2416D8AD00643C6F /* Resources */,
			);
			buildRules = (
			);
			dependencies = (
			);
			name = PhDownloader;
			productName = PhDownloader;
			productReference = F2ABA5712416D8AD00643C6F /* PhDownloader.app */;
			productType = "com.apple.product-type.application";
		};
/* End PBXNativeTarget section */

/* Begin PBXProject section */
		F2ABA5692416D8AD00643C6F /* Project object */ = {
			isa = PBXProject;
			attributes = {
				LastSwiftUpdateCheck = 1130;
				LastUpgradeCheck = 1130;
				ORGANIZATIONNAME = "Анастасия Траверсе";
				TargetAttributes = {
					F2ABA5702416D8AD00643C6F = {
						CreatedOnToolsVersion = 11.3.1;
					};
				};
			};
			buildConfigurationList = F2ABA56C2416D8AD00643C6F /* Build configuration list for PBXProject "PhDownloader" */;
			compatibilityVersion = "Xcode 9.3";
			developmentRegion = en;
			hasScannedForEncodings = 0;
			knownRegions = (
				en,
				Base,
			);
			mainGroup = F2ABA5682416D8AD00643C6F;
			productRefGroup = F2ABA5722416D8AD00643C6F /* Products */;
			projectDirPath = "";
			projectRoot = "";
			targets = (
				F2ABA5702416D8AD00643C6F /* PhDownloader */,
			);
		};
/* End PBXProject section */

/* Begin PBXResourcesBuildPhase section */
		F2ABA56F2416D8AD00643C6F /* Resources */ = {
			isa = PBXResourcesBuildPhase;
			buildActionMask = 2147483647;
			files = (
				F2ABA5842416D8AF00643C6F /* LaunchScreen.storyboard in Resources */,
				F2ABA5812416D8AF00643C6F /* Assets.xcassets in Resources */,
				F2ABA57C2416D8AD00643C6F /* Main.storyboard in Resources */,
			);
			runOnlyForDeploymentPostprocessing = 0;
		};
/* End PBXResourcesBuildPhase section */

/* Begin PBXSourcesBuildPhase section */
		F2ABA56D2416D8AD00643C6F /* Sources */ = {
			isa = PBXSourcesBuildPhase;
			buildActionMask = 2147483647;
			files = (
				F2157C602417D5540033564D /* DoneViewController.swift in Sources */,
				F2157C5C2417D53C0033564D /* ToDoViewController.swift in Sources */,
				F2ABA57F2416D8AD00643C6F /* PhDownloader.xcdatamodeld in Sources */,
				F2157C5E2417D5460033564D /* InProgressViewController.swift in Sources */,
				F2ABA5792416D8AD00643C6F /* ViewController.swift in Sources */,
				F2ABA5752416D8AD00643C6F /* AppDelegate.swift in Sources */,
				F2ABA5772416D8AD00643C6F /* SceneDelegate.swift in Sources */,
			);
			runOnlyForDeploymentPostprocessing = 0;
		};
/* End PBXSourcesBuildPhase section */

/* Begin PBXVariantGroup section */
		F2ABA57A2416D8AD00643C6F /* Main.storyboard */ = {
			isa = PBXVariantGroup;
			children = (
				F2ABA57B2416D8AD00643C6F /* Base */,
			);
			name = Main.storyboard;
			sourceTree = "<group>";
		};
		F2ABA5822416D8AF00643C6F /* LaunchScreen.storyboard */ = {
			isa = PBXVariantGroup;
			children = (
				F2ABA5832416D8AF00643C6F /* Base */,
			);
			name = LaunchScreen.storyboard;
			sourceTree = "<group>";
		};
/* End PBXVariantGroup section */

/* Begin XCBuildConfiguration section */
		F2ABA5862416D8AF00643C6F /* Debug */ = {
			isa = XCBuildConfiguration;
			buildSettings = {
				ALWAYS_SEARCH_USER_PATHS = NO;
				CLANG_ANALYZER_NONNULL = YES;
				CLANG_ANALYZER_NUMBER_OBJECT_CONVERSION = YES_AGGRESSIVE;
				CLANG_CXX_LANGUAGE_STANDARD = "gnu++14";
				CLANG_CXX_LIBRARY = "libc++";
				CLANG_ENABLE_MODULES = YES;
				CLANG_ENABLE_OBJC_ARC = YES;
				CLANG_ENABLE_OBJC_WEAK = YES;
				CLANG_WARN_BLOCK_CAPTURE_AUTORELEASING = YES;
				CLANG_WARN_BOOL_CONVERSION = YES;
				CLANG_WARN_COMMA = YES;
				CLANG_WARN_CONSTANT_CONVERSION = YES;
				CLANG_WARN_DEPRECATED_OBJC_IMPLEMENTATIONS = YES;
				CLANG_WARN_DIRECT_OBJC_ISA_USAGE = YES_ERROR;
				CLANG_WARN_DOCUMENTATION_COMMENTS = YES;
				CLANG_WARN_EMPTY_BODY = YES;
				CLANG_WARN_ENUM_CONVERSION = YES;
				CLANG_WARN_INFINITE_RECURSION = YES;
				CLANG_WARN_INT_CONVERSION = YES;
				CLANG_WARN_NON_LITERAL_NULL_CONVERSION = YES;
				CLANG_WARN_OBJC_IMPLICIT_RETAIN_SELF = YES;
				CLANG_WARN_OBJC_LITERAL_CONVERSION = YES;
				CLANG_WARN_OBJC_ROOT_CLASS = YES_ERROR;
				CLANG_WARN_RANGE_LOOP_ANALYSIS = YES;
				CLANG_WARN_STRICT_PROTOTYPES = YES;
				CLANG_WARN_SUSPICIOUS_MOVE = YES;
				CLANG_WARN_UNGUARDED_AVAILABILITY = YES_AGGRESSIVE;
				CLANG_WARN_UNREACHABLE_CODE = YES;
				CLANG_WARN__DUPLICATE_METHOD_MATCH = YES;
				COPY_PHASE_STRIP = NO;
				DEBUG_INFORMATION_FORMAT = dwarf;
				ENABLE_STRICT_OBJC_MSGSEND = YES;
				ENABLE_TESTABILITY = YES;
				GCC_C_LANGUAGE_STANDARD = gnu11;
				GCC_DYNAMIC_NO_PIC = NO;
				GCC_NO_COMMON_BLOCKS = YES;
				GCC_OPTIMIZATION_LEVEL = 0;
				GCC_PREPROCESSOR_DEFINITIONS = (
					"DEBUG=1",
					"$(inherited)",
				);
				GCC_WARN_64_TO_32_BIT_CONVERSION = YES;
				GCC_WARN_ABOUT_RETURN_TYPE = YES_ERROR;
				GCC_WARN_UNDECLARED_SELECTOR = YES;
				GCC_WARN_UNINITIALIZED_AUTOS = YES_AGGRESSIVE;
				GCC_WARN_UNUSED_FUNCTION = YES;
				GCC_WARN_UNUSED_VARIABLE = YES;
				IPHONEOS_DEPLOYMENT_TARGET = 13.2;
				MTL_ENABLE_DEBUG_INFO = INCLUDE_SOURCE;
				MTL_FAST_MATH = YES;
				ONLY_ACTIVE_ARCH = YES;
				SDKROOT = iphoneos;
				SWIFT_ACTIVE_COMPILATION_CONDITIONS = DEBUG;
				SWIFT_OPTIMIZATION_LEVEL = "-Onone";
			};
			name = Debug;
		};
		F2ABA5872416D8AF00643C6F /* Release */ = {
			isa = XCBuildConfiguration;
			buildSettings = {
				ALWAYS_SEARCH_USER_PATHS = NO;
				CLANG_ANALYZER_NONNULL = YES;
				CLANG_ANALYZER_NUMBER_OBJECT_CONVERSION = YES_AGGRESSIVE;
				CLANG_CXX_LANGUAGE_STANDARD = "gnu++14";
				CLANG_CXX_LIBRARY = "libc++";
				CLANG_ENABLE_MODULES = YES;
				CLANG_ENABLE_OBJC_ARC = YES;
				CLANG_ENABLE_OBJC_WEAK = YES;
				CLANG_WARN_BLOCK_CAPTURE_AUTORELEASING = YES;
				CLANG_WARN_BOOL_CONVERSION = YES;
				CLANG_WARN_COMMA = YES;
				CLANG_WARN_CONSTANT_CONVERSION = YES;
				CLANG_WARN_DEPRECATED_OBJC_IMPLEMENTATIONS = YES;
				CLANG_WARN_DIRECT_OBJC_ISA_USAGE = YES_ERROR;
				CLANG_WARN_DOCUMENTATION_COMMENTS = YES;
				CLANG_WARN_EMPTY_BODY = YES;
				CLANG_WARN_ENUM_CONVERSION = YES;
				CLANG_WARN_INFINITE_RECURSION = YES;
				CLANG_WARN_INT_CONVERSION = YES;
				CLANG_WARN_NON_LITERAL_NULL_CONVERSION = YES;
				CLANG_WARN_OBJC_IMPLICIT_RETAIN_SELF = YES;
				CLANG_WARN_OBJC_LITERAL_CONVERSION = YES;
				CLANG_WARN_OBJC_ROOT_CLASS = YES_ERROR;
				CLANG_WARN_RANGE_LOOP_ANALYSIS = YES;
				CLANG_WARN_STRICT_PROTOTYPES = YES;
				CLANG_WARN_SUSPICIOUS_MOVE = YES;
				CLANG_WARN_UNGUARDED_AVAILABILITY = YES_AGGRESSIVE;
				CLANG_WARN_UNREACHABLE_CODE = YES;
				CLANG_WARN__DUPLICATE_METHOD_MATCH = YES;
				COPY_PHASE_STRIP = NO;
				DEBUG_INFORMATION_FORMAT = "dwarf-with-dsym";
				ENABLE_NS_ASSERTIONS = NO;
				ENABLE_STRICT_OBJC_MSGSEND = YES;
				GCC_C_LANGUAGE_STANDARD = gnu11;
				GCC_NO_COMMON_BLOCKS = YES;
				GCC_WARN_64_TO_32_BIT_CONVERSION = YES;
				GCC_WARN_ABOUT_RETURN_TYPE = YES_ERROR;
				GCC_WARN_UNDECLARED_SELECTOR = YES;
				GCC_WARN_UNINITIALIZED_AUTOS = YES_AGGRESSIVE;
				GCC_WARN_UNUSED_FUNCTION = YES;
				GCC_WARN_UNUSED_VARIABLE = YES;
				IPHONEOS_DEPLOYMENT_TARGET = 13.2;
				MTL_ENABLE_DEBUG_INFO = NO;
				MTL_FAST_MATH = YES;
				SDKROOT = iphoneos;
				SWIFT_COMPILATION_MODE = wholemodule;
				SWIFT_OPTIMIZATION_LEVEL = "-O";
				VALIDATE_PRODUCT = YES;
			};
			name = Release;
		};
		F2ABA5892416D8AF00643C6F /* Debug */ = {
			isa = XCBuildConfiguration;
			buildSettings = {
				ASSETCATALOG_COMPILER_APPICON_NAME = AppIcon;
				CODE_SIGN_STYLE = Automatic;
				DEVELOPMENT_TEAM = 6YS5R3C3SB;
				INFOPLIST_FILE = PhDownloader/Info.plist;
				LD_RUNPATH_SEARCH_PATHS = (
					"$(inherited)",
					"@executable_path/Frameworks",
				);
				PRODUCT_BUNDLE_IDENTIFIER = aTraverse.PhDownloader;
				PRODUCT_NAME = "$(TARGET_NAME)";
				SWIFT_VERSION = 5.0;
				TARGETED_DEVICE_FAMILY = "1,2";
			};
			name = Debug;
		};
		F2ABA58A2416D8AF00643C6F /* Release */ = {
			isa = XCBuildConfiguration;
			buildSettings = {
				ASSETCATALOG_COMPILER_APPICON_NAME = AppIcon;
				CODE_SIGN_STYLE = Automatic;
				DEVELOPMENT_TEAM = 6YS5R3C3SB;
				INFOPLIST_FILE = PhDownloader/Info.plist;
				LD_RUNPATH_SEARCH_PATHS = (
					"$(inherited)",
					"@executable_path/Frameworks",
				);
				PRODUCT_BUNDLE_IDENTIFIER = aTraverse.PhDownloader;
				PRODUCT_NAME = "$(TARGET_NAME)";
				SWIFT_VERSION = 5.0;
				TARGETED_DEVICE_FAMILY = "1,2";
			};
			name = Release;
		};
/* End XCBuildConfiguration section */

/* Begin XCConfigurationList section */
		F2ABA56C2416D8AD00643C6F /* Build configuration list for PBXProject "PhDownloader" */ = {
			isa = XCConfigurationList;
			buildConfigurations = (
				F2ABA5862416D8AF00643C6F /* Debug */,
				F2ABA5872416D8AF00643C6F /* Release */,
			);
			defaultConfigurationIsVisible = 0;
			defaultConfigurationName = Release;
		};
		F2ABA5882416D8AF00643C6F /* Build configuration list for PBXNativeTarget "PhDownloader" */ = {
			isa = XCConfigurationList;
			buildConfigurations = (
				F2ABA5892416D8AF00643C6F /* Debug */,
				F2ABA58A2416D8AF00643C6F /* Release */,
			);
			defaultConfigurationIsVisible = 0;
			defaultConfigurationName = Release;
		};
/* End XCConfigurationList section */

/* Begin XCVersionGroup section */
		F2ABA57D2416D8AD00643C6F /* PhDownloader.xcdatamodeld */ = {
			isa = XCVersionGroup;
			children = (
				F2ABA57E2416D8AD00643C6F /* PhDownloader.xcdatamodel */,
			);
			currentVersion = F2ABA57E2416D8AD00643C6F /* PhDownloader.xcdatamodel */;
			path = PhDownloader.xcdatamodeld;
			sourceTree = "<group>";
			versionGroupType = wrapper.xcdatamodel;
		};
/* End XCVersionGroup section */
	};
	rootObject = F2ABA5692416D8AD00643C6F /* Project object */;
}
